
Microsoft Visual Studio Solution File, Format Version 12.00
# Visual Studio Version 16
VisualStudioVersion = 16.0.31624.102
MinimumVisualStudioVersion = 10.0.40219.1
Project("{9A19103F-16F7-4668-BE54-9A1E7A4F7556}") = "Rusi.Net", "src\Rusi.Net\Rusi.Net.csproj", "{22E3EDB4-19D5-43CA-A6AF-556FBD990AE5}"
EndProject
Project("{2150E333-8FDC-42A3-9474-1A3956D46DE8}") = "src", "src", "{F3FABA7D-BE35-4134-B83C-28E10B04085E}"
EndProject
Project("{2150E333-8FDC-42A3-9474-1A3956D46DE8}") = "Solution Items", "Solution Items", "{0EBBE82B-A5EA-489C-8783-5AE0E71A1785}"
	ProjectSection(SolutionItems) = preProject
		.dockerignore = .dockerignore
		.gitignore = .gitignore
		dependencies.props = dependencies.props
		Directory.Build.props = Directory.Build.props
	EndProjectSection
EndProject
Project("{2150E333-8FDC-42A3-9474-1A3956D46DE8}") = "test", "test", "{E081211F-A65B-4400-A9FD-6C274315DB99}"
EndProject
Project("{9A19103F-16F7-4668-BE54-9A1E7A4F7556}") = "Rusi.NetClientTests", "test\Rusi.NetClientTests\Rusi.NetClientTests.csproj", "{C831EA48-77C9-4BEC-AFF7-CCE2E920B9F8}"
EndProject
Project("{9A19103F-16F7-4668-BE54-9A1E7A4F7556}") = "Rusi.Client", "src\Rusi.Client\Rusi.Client.csproj", "{BFBB20D5-830D-4814-B8A6-36C965CFD279}"
EndProject
Project("{9A19103F-16F7-4668-BE54-9A1E7A4F7556}") = "Rusi.NBBClient", "src\Rusi.NBBClient\Rusi.NBBClient.csproj", "{084959F3-04C9-4FD3-A994-20751457E739}"
EndProject
Global
	GlobalSection(SolutionConfigurationPlatforms) = preSolution
		Debug|Any CPU = Debug|Any CPU
		Release|Any CPU = Release|Any CPU
	EndGlobalSection
	GlobalSection(ProjectConfigurationPlatforms) = postSolution
		{22E3EDB4-19D5-43CA-A6AF-556FBD990AE5}.Debug|Any CPU.ActiveCfg = Debug|Any CPU
		{22E3EDB4-19D5-43CA-A6AF-556FBD990AE5}.Debug|Any CPU.Build.0 = Debug|Any CPU
		{22E3EDB4-19D5-43CA-A6AF-556FBD990AE5}.Release|Any CPU.ActiveCfg = Release|Any CPU
		{22E3EDB4-19D5-43CA-A6AF-556FBD990AE5}.Release|Any CPU.Build.0 = Release|Any CPU
		{C831EA48-77C9-4BEC-AFF7-CCE2E920B9F8}.Debug|Any CPU.ActiveCfg = Debug|Any CPU
		{C831EA48-77C9-4BEC-AFF7-CCE2E920B9F8}.Debug|Any CPU.Build.0 = Debug|Any CPU
		{C831EA48-77C9-4BEC-AFF7-CCE2E920B9F8}.Release|Any CPU.ActiveCfg = Release|Any CPU
		{C831EA48-77C9-4BEC-AFF7-CCE2E920B9F8}.Release|Any CPU.Build.0 = Release|Any CPU
		{BFBB20D5-830D-4814-B8A6-36C965CFD279}.Debug|Any CPU.ActiveCfg = Debug|Any CPU
		{BFBB20D5-830D-4814-B8A6-36C965CFD279}.Debug|Any CPU.Build.0 = Debug|Any CPU
		{BFBB20D5-830D-4814-B8A6-36C965CFD279}.Release|Any CPU.ActiveCfg = Release|Any CPU
		{BFBB20D5-830D-4814-B8A6-36C965CFD279}.Release|Any CPU.Build.0 = Release|Any CPU
		{084959F3-04C9-4FD3-A994-20751457E739}.Debug|Any CPU.ActiveCfg = Debug|Any CPU
		{084959F3-04C9-4FD3-A994-20751457E739}.Debug|Any CPU.Build.0 = Debug|Any CPU
		{084959F3-04C9-4FD3-A994-20751457E739}.Release|Any CPU.ActiveCfg = Release|Any CPU
		{084959F3-04C9-4FD3-A994-20751457E739}.Release|Any CPU.Build.0 = Release|Any CPU
	EndGlobalSection
	GlobalSection(SolutionProperties) = preSolution
		HideSolutionNode = FALSE
	EndGlobalSection
	GlobalSection(NestedProjects) = preSolution
		{22E3EDB4-19D5-43CA-A6AF-556FBD990AE5} = {F3FABA7D-BE35-4134-B83C-28E10B04085E}
		{C831EA48-77C9-4BEC-AFF7-CCE2E920B9F8} = {E081211F-A65B-4400-A9FD-6C274315DB99}
		{BFBB20D5-830D-4814-B8A6-36C965CFD279} = {F3FABA7D-BE35-4134-B83C-28E10B04085E}
		{084959F3-04C9-4FD3-A994-20751457E739} = {F3FABA7D-BE35-4134-B83C-28E10B04085E}
	EndGlobalSection
	GlobalSection(ExtensibilityGlobals) = postSolution
		SolutionGuid = {3D7B489F-8FED-4DC3-AF4B-661B6359D1E5}
	EndGlobalSection
EndGlobal
